# THIS IS AN AUTOGENERATED FILE. DO NOT EDIT THIS FILE DIRECTLY.
# yarn lockfile v1


"@babel/runtime@^7.0.0":
  version "7.4.5"
  resolved "https://registry.yarnpkg.com/@babel/runtime/-/runtime-7.4.5.tgz#582bb531f5f9dc67d2fcb682979894f75e253f12"
  integrity sha512-TuI4qpWZP6lGOGIuGWtp9sPluqYICmbk8T/1vpSysqJxRPkudh/ofFWyqdcMsDf2s7KvDL4/YHgKyvcS3g9CJQ==
  dependencies:
    regenerator-runtime "^0.13.2"

escape-string-regexp@^1.0.5:
  version "1.0.5"
  resolved "https://registry.yarnpkg.com/escape-string-regexp/-/escape-string-regexp-1.0.5.tgz#1b61c0562190a8dff6ae3bb2cf0200ca130b86d4"
  integrity sha1-G2HAViGQqN/2rjuyzwIAyhMLhtQ=

gatsby-plugin-catch-links@^2.1.0:
  version "2.1.0"
  resolved "https://registry.yarnpkg.com/gatsby-plugin-catch-links/-/gatsby-plugin-catch-links-2.1.0.tgz#95680b81a55f4d1fbb598cb363ed15eb84203bde"
  integrity sha512-345dY1HU6rwAzw5TPkcz4aNy5s/2FjbgW8zY/X1YqbcaAd8PhocBV9CVLfSAPZA1ugpJ1bThIT1DtIBQ/rwIHw==
  dependencies:
    "@babel/runtime" "^7.0.0"
    escape-string-regexp "^1.0.5"

gatsby-plugin-google-analytics@^2.1.1:
  version "2.1.1"
  resolved "https://registry.yarnpkg.com/gatsby-plugin-google-analytics/-/gatsby-plugin-google-analytics-2.1.1.tgz#228e91dead90e58cea2dc9b76fa3700a084378fb"
  integrity sha512-WA3Ag8FEoaraA+ygKmNM0NAka1xKEAKKZzl6VUSmJliAOQic3e8DDkxW2JOI0Ui6bUEA/TBAcMQvFO1ueCnyWg==
  dependencies:
    "@babel/runtime" "^7.0.0"

regenerator-runtime@^0.13.2:
  version "0.13.2"
  resolved "https://registry.yarnpkg.com/regenerator-runtime/-/regenerator-runtime-0.13.2.tgz#32e59c9a6fb9b1a4aff09b4930ca2d4477343447"
  integrity sha512-S/TQAZJO+D3m9xeN1WTI8dLKBBiRgXBlTJvbWjCThHWZj9EvHK70Ff50/tYj2J/fvBY6JtFVwRuazHN2E7M9BA==
